
Microsoft Visual Studio Solution File, Format Version 12.00
# Visual Studio Version 16
VisualStudioVersion = 16.0.31729.503
MinimumVisualStudioVersion = 10.0.40219.1
Project("{159641D6-6404-4A2A-AE62-294DE0FE8301}") = "TestWithFatima", "TestWithFatima\TestWithFatima.dtproj", "{AAFC6458-229B-4455-885E-780BC50014F0}"
EndProject
Global
	GlobalSection(SolutionConfigurationPlatforms) = preSolution
		Development|Default = Development|Default
	EndGlobalSection
	GlobalSection(ProjectConfigurationPlatforms) = postSolution
		{AAFC6458-229B-4455-885E-780BC50014F0}.Development|Default.ActiveCfg = Development
		{AAFC6458-229B-4455-885E-780BC50014F0}.Development|Default.Build.0 = Development
	EndGlobalSection
	GlobalSection(SolutionProperties) = preSolution
		HideSolutionNode = FALSE
	EndGlobalSection
	GlobalSection(ExtensibilityGlobals) = postSolution
		SolutionGuid = {937FEA6F-35F0-4E7E-95B5-CCF2B876B240}
	EndGlobalSection
EndGlobal
